
Microsoft Visual Studio Solution File, Format Version 12.00
# Visual Studio 15
VisualStudioVersion = 15.0.28307.421
MinimumVisualStudioVersion = 10.0.40219.1
Project("{FAE04EC0-301F-11D3-BF4B-00C04F79EFBC}") = "WindowsForms_MVP_ModelViewPresenter", "WindowsForms_MVP_ModelViewPresenter\WindowsForms_MVP_ModelViewPresenter.csproj", "{8BBFAF47-F31D-465F-ADE7-C56EE6284C8F}"
EndProject
Global
	GlobalSection(SolutionConfigurationPlatforms) = preSolution
		Debug|Any CPU = Debug|Any CPU
		Release|Any CPU = Release|Any CPU
	EndGlobalSection
	GlobalSection(ProjectConfigurationPlatforms) = postSolution
		{8BBFAF47-F31D-465F-ADE7-C56EE6284C8F}.Debug|Any CPU.ActiveCfg = Debug|Any CPU
		{8BBFAF47-F31D-465F-ADE7-C56EE6284C8F}.Debug|Any CPU.Build.0 = Debug|Any CPU
		{8BBFAF47-F31D-465F-ADE7-C56EE6284C8F}.Release|Any CPU.ActiveCfg = Release|Any CPU
		{8BBFAF47-F31D-465F-ADE7-C56EE6284C8F}.Release|Any CPU.Build.0 = Release|Any CPU
	EndGlobalSection
	GlobalSection(SolutionProperties) = preSolution
		HideSolutionNode = FALSE
	EndGlobalSection
	GlobalSection(ExtensibilityGlobals) = postSolution
		SolutionGuid = {51E37D9C-C7B5-4F78-B765-4A1D5AB686B9}
	EndGlobalSection
EndGlobal
